
Microsoft Visual Studio Solution File, Format Version 12.00
# Visual Studio Version 18
VisualStudioVersion = 18.6.11819.183
MinimumVisualStudioVersion = 10.0.40219.1
Project("{FAE04EC0-301F-11D3-BF4B-00C04F79EFBC}") = "NwsAlertBot", "NwsAlertBot.csproj", "{7FB2AF27-3263-96E7-B0BA-524E8CE7DDF9}"
EndProject
Project("{FAE04EC0-301F-11D3-BF4B-00C04F79EFBC}") = "NwsAlertBot.Tests", "NwsAlertBot.Tests\NwsAlertBot.Tests.csproj", "{2EF2117B-B348-47E4-A220-87B40DDEC74A}"
EndProject
Global
	GlobalSection(SolutionConfigurationPlatforms) = preSolution
		Debug|Any CPU = Debug|Any CPU
		Debug|x64 = Debug|x64
		Debug|x86 = Debug|x86
		Release|Any CPU = Release|Any CPU
		Release|x64 = Release|x64
		Release|x86 = Release|x86
	EndGlobalSection
	GlobalSection(ProjectConfigurationPlatforms) = postSolution
		{7FB2AF27-3263-96E7-B0BA-524E8CE7DDF9}.Debug|Any CPU.ActiveCfg = Debug|Any CPU
		{7FB2AF27-3263-96E7-B0BA-524E8CE7DDF9}.Debug|Any CPU.Build.0 = Debug|Any CPU
		{7FB2AF27-3263-96E7-B0BA-524E8CE7DDF9}.Debug|x64.ActiveCfg = Debug|Any CPU
		{7FB2AF27-3263-96E7-B0BA-524E8CE7DDF9}.Debug|x64.Build.0 = Debug|Any CPU
		{7FB2AF27-3263-96E7-B0BA-524E8CE7DDF9}.Debug|x86.ActiveCfg = Debug|Any CPU
		{7FB2AF27-3263-96E7-B0BA-524E8CE7DDF9}.Debug|x86.Build.0 = Debug|Any CPU
		{7FB2AF27-3263-96E7-B0BA-524E8CE7DDF9}.Release|Any CPU.ActiveCfg = Release|Any CPU
		{7FB2AF27-3263-96E7-B0BA-524E8CE7DDF9}.Release|Any CPU.Build.0 = Release|Any CPU
		{7FB2AF27-3263-96E7-B0BA-524E8CE7DDF9}.Release|x64.ActiveCfg = Release|Any CPU
		{7FB2AF27-3263-96E7-B0BA-524E8CE7DDF9}.Release|x64.Build.0 = Release|Any CPU
		{7FB2AF27-3263-96E7-B0BA-524E8CE7DDF9}.Release|x86.ActiveCfg = Release|Any CPU
		{7FB2AF27-3263-96E7-B0BA-524E8CE7DDF9}.Release|x86.Build.0 = Release|Any CPU
		{2EF2117B-B348-47E4-A220-87B40DDEC74A}.Debug|Any CPU.ActiveCfg = Debug|Any CPU
		{2EF2117B-B348-47E4-A220-87B40DDEC74A}.Debug|Any CPU.Build.0 = Debug|Any CPU
		{2EF2117B-B348-47E4-A220-87B40DDEC74A}.Debug|x64.ActiveCfg = Debug|Any CPU
		{2EF2117B-B348-47E4-A220-87B40DDEC74A}.Debug|x64.Build.0 = Debug|Any CPU
		{2EF2117B-B348-47E4-A220-87B40DDEC74A}.Debug|x86.ActiveCfg = Debug|Any CPU
		{2EF2117B-B348-47E4-A220-87B40DDEC74A}.Debug|x86.Build.0 = Debug|Any CPU
		{2EF2117B-B348-47E4-A220-87B40DDEC74A}.Release|Any CPU.ActiveCfg = Release|Any CPU
		{2EF2117B-B348-47E4-A220-87B40DDEC74A}.Release|Any CPU.Build.0 = Release|Any CPU
		{2EF2117B-B348-47E4-A220-87B40DDEC74A}.Release|x64.ActiveCfg = Release|Any CPU
		{2EF2117B-B348-47E4-A220-87B40DDEC74A}.Release|x64.Build.0 = Release|Any CPU
		{2EF2117B-B348-47E4-A220-87B40DDEC74A}.Release|x86.ActiveCfg = Release|Any CPU
		{2EF2117B-B348-47E4-A220-87B40DDEC74A}.Release|x86.Build.0 = Release|Any CPU
	EndGlobalSection
	GlobalSection(SolutionProperties) = preSolution
		HideSolutionNode = FALSE
	EndGlobalSection
	GlobalSection(ExtensibilityGlobals) = postSolution
		SolutionGuid = {9D19B3EE-A6CC-4BBD-AFFE-5921BFC2E440}
	EndGlobalSection
EndGlobal
